
Microsoft Visual Studio Solution File, Format Version 12.00
# Visual Studio 15
VisualStudioVersion = 15.0.27004.2010
MinimumVisualStudioVersion = 10.0.40219.1
Project("{FAE04EC0-301F-11D3-BF4B-00C04F79EFBC}") = "InnometricsVSTracker", "InnometricsVSTracker\InnometricsVSTracker.csproj", "{2F663C14-A7D7-4F99-9F73-FA8ED7F777BC}"
EndProject
Project("{FAE04EC0-301F-11D3-BF4B-00C04F79EFBC}") = "InnometricsVSTrackerTests", "InnometricsVSTrackerTests\InnometricsVSTrackerTests.csproj", "{ABD328D4-4565-4F53-8ABE-99377D52688F}"
EndProject
Global
	GlobalSection(SolutionConfigurationPlatforms) = preSolution
		Debug|Any CPU = Debug|Any CPU
		Release|Any CPU = Release|Any CPU
	EndGlobalSection
	GlobalSection(ProjectConfigurationPlatforms) = postSolution
		{2F663C14-A7D7-4F99-9F73-FA8ED7F777BC}.Debug|Any CPU.ActiveCfg = Debug|Any CPU
		{2F663C14-A7D7-4F99-9F73-FA8ED7F777BC}.Debug|Any CPU.Build.0 = Debug|Any CPU
		{2F663C14-A7D7-4F99-9F73-FA8ED7F777BC}.Release|Any CPU.ActiveCfg = Release|Any CPU
		{2F663C14-A7D7-4F99-9F73-FA8ED7F777BC}.Release|Any CPU.Build.0 = Release|Any CPU
		{ABD328D4-4565-4F53-8ABE-99377D52688F}.Debug|Any CPU.ActiveCfg = Debug|Any CPU
		{ABD328D4-4565-4F53-8ABE-99377D52688F}.Debug|Any CPU.Build.0 = Debug|Any CPU
		{ABD328D4-4565-4F53-8ABE-99377D52688F}.Release|Any CPU.ActiveCfg = Release|Any CPU
		{ABD328D4-4565-4F53-8ABE-99377D52688F}.Release|Any CPU.Build.0 = Release|Any CPU
	EndGlobalSection
	GlobalSection(SolutionProperties) = preSolution
		HideSolutionNode = FALSE
	EndGlobalSection
	GlobalSection(ExtensibilityGlobals) = postSolution
		SolutionGuid = {B91DF655-BEF3-44B0-A568-9A898E0089C8}
	EndGlobalSection
EndGlobal
